
Microsoft Visual Studio Solution File, Format Version 12.00
# Visual Studio Version 17
VisualStudioVersion = 17.11.35222.181
MinimumVisualStudioVersion = 10.0.40219.1
Project("{FAE04EC0-301F-11D3-BF4B-00C04F79EFBC}") = "RazorPagesMovie1", "RazorPagesMovie1\RazorPagesMovie1.csproj", "{AA479E10-9FB0-4246-8A13-B68060D5480B}"
EndProject
Global
	GlobalSection(SolutionConfigurationPlatforms) = preSolution
		Debug|Any CPU = Debug|Any CPU
		Release|Any CPU = Release|Any CPU
	EndGlobalSection
	GlobalSection(ProjectConfigurationPlatforms) = postSolution
		{AA479E10-9FB0-4246-8A13-B68060D5480B}.Debug|Any CPU.ActiveCfg = Debug|Any CPU
		{AA479E10-9FB0-4246-8A13-B68060D5480B}.Debug|Any CPU.Build.0 = Debug|Any CPU
		{AA479E10-9FB0-4246-8A13-B68060D5480B}.Release|Any CPU.ActiveCfg = Release|Any CPU
		{AA479E10-9FB0-4246-8A13-B68060D5480B}.Release|Any CPU.Build.0 = Release|Any CPU
	EndGlobalSection
	GlobalSection(SolutionProperties) = preSolution
		HideSolutionNode = FALSE
	EndGlobalSection
	GlobalSection(ExtensibilityGlobals) = postSolution
		SolutionGuid = {7FF059B5-FB12-4B76-B865-05B23060030E}
	EndGlobalSection
EndGlobal
